
Microsoft Visual Studio Solution File, Format Version 12.00
# Visual Studio Version 17
VisualStudioVersion = 17.5.33414.496
MinimumVisualStudioVersion = 10.0.40219.1
Project("{9A19103F-16F7-4668-BE54-9A1E7A4F7556}") = "KIT.GasStation", "KIT.GasStation\KIT.GasStation.csproj", "{A5AD4FC2-F8CA-490F-86A5-AFAEE73A27A8}"
EndProject
Project("{9A19103F-16F7-4668-BE54-9A1E7A4F7556}") = "KIT.GasStation.EntityFramework", "KIT.GasStation.EntityFramework\KIT.GasStation.EntityFramework.csproj", "{14B5BB3D-33C5-4498-8FD5-3852003D7C92}"
EndProject
Project("{9A19103F-16F7-4668-BE54-9A1E7A4F7556}") = "KIT.GasStation.Domain", "KIT.GasStation.Domain\KIT.GasStation.Domain.csproj", "{89B2A0E3-4168-4715-AD24-86D7777DE32B}"
EndProject
Project("{FAE04EC0-301F-11D3-BF4B-00C04F79EFBC}") = "KIT.GasStation.Lanfeng", "KIT.GasStation.Lanfeng\KIT.GasStation.Lanfeng.csproj", "{1C48C0B1-7A0D-4003-B192-59B80B7F9F2E}"
EndProject
Project("{FAE04EC0-301F-11D3-BF4B-00C04F79EFBC}") = "KIT.GasStation.Common", "KIT.GasStation.Common\KIT.GasStation.Common.csproj", "{9A70DAB5-C3DB-4B2A-A5C9-563B9510A37C}"
EndProject
Project("{FAE04EC0-301F-11D3-BF4B-00C04F79EFBC}") = "KIT.GasStation.PKElectronics", "KIT.GasStation.PKElectronics\KIT.GasStation.PKElectronics.csproj", "{D6B81003-8EBD-48A2-9B03-6A57FEA58F55}"
EndProject
Project("{FAE04EC0-301F-11D3-BF4B-00C04F79EFBC}") = "KIT.GasStation.TechnoProjekt", "KIT.GasStation.TechnoProjekt\KIT.GasStation.TechnoProjekt.csproj", "{5CFA3821-309F-485C-88FE-F681A66D82D7}"
EndProject
Project("{FAE04EC0-301F-11D3-BF4B-00C04F79EFBC}") = "KIT.GasStation.Hardware", "KIT.GasStation.Hardware\KIT.GasStation.Hardware.csproj", "{45BF68FF-B7C6-4B2B-A41B-33CDD7632A09}"
EndProject
Project("{FAE04EC0-301F-11D3-BF4B-00C04F79EFBC}") = "KIT.GasStation.FuelDispenser", "KIT.GasStation.FuelDispenser\KIT.GasStation.FuelDispenser.csproj", "{68D76D88-88B9-4DD6-AFE3-98D33D2BFCBD}"
EndProject
Project("{FAE04EC0-301F-11D3-BF4B-00C04F79EFBC}") = "KIT.GasStation.FuelDispenserEmulator", "KIT.GasStation.FuelDispenserEmulator\KIT.GasStation.FuelDispenserEmulator.csproj", "{56DCE68A-D5D6-4BBA-A4CA-23F1B69E3FDB}"
EndProject
Project("{FAE04EC0-301F-11D3-BF4B-00C04F79EFBC}") = "KIT.GasStation.EKassa", "KIT.GasStation.EKassa\KIT.GasStation.EKassa.csproj", "{C85325EA-7C3E-4775-8A84-5FAE559817EC}"
EndProject
Project("{FAE04EC0-301F-11D3-BF4B-00C04F79EFBC}") = "KIT.GasStation.CashRegisters", "KIT.GasStation.CashRegister\KIT.GasStation.CashRegisters.csproj", "{774B8C6E-9EFF-4F90-9DFA-303463B4A30E}"
EndProject
Project("{FAE04EC0-301F-11D3-BF4B-00C04F79EFBC}") = "KIT.GasStation.HardwareConfigurations", "KIT.GasStation.HardwareConfiguration\KIT.GasStation.HardwareConfigurations.csproj", "{0EB23156-5094-4B8B-8424-48D9EC097733}"
EndProject
Project("{FAE04EC0-301F-11D3-BF4B-00C04F79EFBC}") = "KIT.GasStation.Tests", "KIT.GasStation.Tests\KIT.GasStation.Tests.csproj", "{46CCBBCB-5689-4BA9-B771-BD767F2DC709}"
EndProject
Project("{FAE04EC0-301F-11D3-BF4B-00C04F79EFBC}") = "KIT.GasStation.Web", "KIT.GasStation.Web\KIT.GasStation.Web.csproj", "{942943E6-1FC7-45A9-9AFD-ACA9B037F07F}"
EndProject
Project("{FAE04EC0-301F-11D3-BF4B-00C04F79EFBC}") = "KIT.GasStation.Worker", "KIT.GasStation.Worker\KIT.GasStation.Worker.csproj", "{BFAD6AA3-1AB6-428D-A3DF-D714C08D8D0D}"
EndProject
Project("{FAE04EC0-301F-11D3-BF4B-00C04F79EFBC}") = "KIT.GasStation.Mobile", "KIT.GasStation.Mobile\KIT.GasStation.Mobile.csproj", "{99015E54-5A0A-4CF5-B797-E6BCA0DD7587}"
EndProject
Project("{FAE04EC0-301F-11D3-BF4B-00C04F79EFBC}") = "KIT.GasStation.Gilbarco", "Kit.gasStation.Gilbarco\KIT.GasStation.Gilbarco.csproj", "{5F9F744C-3A34-4EBF-B5A2-5B72F254FFC7}"
EndProject
Project("{FAE04EC0-301F-11D3-BF4B-00C04F79EFBC}") = "KIT.GasStation.NewCas", "KIT.GasStation.NewCas\KIT.GasStation.NewCas.csproj", "{F0EEFF83-8BE4-4DF7-F266-647C3D5B2951}"
EndProject
Global
	GlobalSection(SolutionConfigurationPlatforms) = preSolution
		Debug|Any CPU = Debug|Any CPU
		Debug|x64 = Debug|x64
		Debug|x86 = Debug|x86
		Release|Any CPU = Release|Any CPU
		Release|x64 = Release|x64
		Release|x86 = Release|x86
	EndGlobalSection
	GlobalSection(ProjectConfigurationPlatforms) = postSolution
		{A5AD4FC2-F8CA-490F-86A5-AFAEE73A27A8}.Debug|Any CPU.ActiveCfg = Debug|Any CPU
		{A5AD4FC2-F8CA-490F-86A5-AFAEE73A27A8}.Debug|Any CPU.Build.0 = Debug|Any CPU
		{A5AD4FC2-F8CA-490F-86A5-AFAEE73A27A8}.Debug|x64.ActiveCfg = Debug|x64
		{A5AD4FC2-F8CA-490F-86A5-AFAEE73A27A8}.Debug|x64.Build.0 = Debug|x64
		{A5AD4FC2-F8CA-490F-86A5-AFAEE73A27A8}.Debug|x86.ActiveCfg = Debug|Any CPU
		{A5AD4FC2-F8CA-490F-86A5-AFAEE73A27A8}.Debug|x86.Build.0 = Debug|Any CPU
		{A5AD4FC2-F8CA-490F-86A5-AFAEE73A27A8}.Release|Any CPU.ActiveCfg = Release|Any CPU
		{A5AD4FC2-F8CA-490F-86A5-AFAEE73A27A8}.Release|Any CPU.Build.0 = Release|Any CPU
		{A5AD4FC2-F8CA-490F-86A5-AFAEE73A27A8}.Release|x64.ActiveCfg = Release|x64
		{A5AD4FC2-F8CA-490F-86A5-AFAEE73A27A8}.Release|x64.Build.0 = Release|x64
		{A5AD4FC2-F8CA-490F-86A5-AFAEE73A27A8}.Release|x86.ActiveCfg = Release|Any CPU
		{A5AD4FC2-F8CA-490F-86A5-AFAEE73A27A8}.Release|x86.Build.0 = Release|Any CPU
		{14B5BB3D-33C5-4498-8FD5-3852003D7C92}.Debug|Any CPU.ActiveCfg = Debug|Any CPU
		{14B5BB3D-33C5-4498-8FD5-3852003D7C92}.Debug|Any CPU.Build.0 = Debug|Any CPU
		{14B5BB3D-33C5-4498-8FD5-3852003D7C92}.Debug|x64.ActiveCfg = Debug|x64
		{14B5BB3D-33C5-4498-8FD5-3852003D7C92}.Debug|x64.Build.0 = Debug|x64
		{14B5BB3D-33C5-4498-8FD5-3852003D7C92}.Debug|x86.ActiveCfg = Debug|Any CPU
		{14B5BB3D-33C5-4498-8FD5-3852003D7C92}.Debug|x86.Build.0 = Debug|Any CPU
		{14B5BB3D-33C5-4498-8FD5-3852003D7C92}.Release|Any CPU.ActiveCfg = Release|Any CPU
		{14B5BB3D-33C5-4498-8FD5-3852003D7C92}.Release|Any CPU.Build.0 = Release|Any CPU
		{14B5BB3D-33C5-4498-8FD5-3852003D7C92}.Release|x64.ActiveCfg = Release|x64
		{14B5BB3D-33C5-4498-8FD5-3852003D7C92}.Release|x64.Build.0 = Release|x64
		{14B5BB3D-33C5-4498-8FD5-3852003D7C92}.Release|x86.ActiveCfg = Release|Any CPU
		{14B5BB3D-33C5-4498-8FD5-3852003D7C92}.Release|x86.Build.0 = Release|Any CPU
		{89B2A0E3-4168-4715-AD24-86D7777DE32B}.Debug|Any CPU.ActiveCfg = Debug|Any CPU
		{89B2A0E3-4168-4715-AD24-86D7777DE32B}.Debug|Any CPU.Build.0 = Debug|Any CPU
		{89B2A0E3-4168-4715-AD24-86D7777DE32B}.Debug|x64.ActiveCfg = Debug|x64
		{89B2A0E3-4168-4715-AD24-86D7777DE32B}.Debug|x64.Build.0 = Debug|x64
		{89B2A0E3-4168-4715-AD24-86D7777DE32B}.Debug|x86.ActiveCfg = Debug|Any CPU
		{89B2A0E3-4168-4715-AD24-86D7777DE32B}.Debug|x86.Build.0 = Debug|Any CPU
		{89B2A0E3-4168-4715-AD24-86D7777DE32B}.Release|Any CPU.ActiveCfg = Release|Any CPU
		{89B2A0E3-4168-4715-AD24-86D7777DE32B}.Release|Any CPU.Build.0 = Release|Any CPU
		{89B2A0E3-4168-4715-AD24-86D7777DE32B}.Release|x64.ActiveCfg = Release|x64
		{89B2A0E3-4168-4715-AD24-86D7777DE32B}.Release|x64.Build.0 = Release|x64
		{89B2A0E3-4168-4715-AD24-86D7777DE32B}.Release|x86.ActiveCfg = Release|Any CPU
		{89B2A0E3-4168-4715-AD24-86D7777DE32B}.Release|x86.Build.0 = Release|Any CPU
		{1C48C0B1-7A0D-4003-B192-59B80B7F9F2E}.Debug|Any CPU.ActiveCfg = Debug|Any CPU
		{1C48C0B1-7A0D-4003-B192-59B80B7F9F2E}.Debug|Any CPU.Build.0 = Debug|Any CPU
		{1C48C0B1-7A0D-4003-B192-59B80B7F9F2E}.Debug|x64.ActiveCfg = Debug|Any CPU
		{1C48C0B1-7A0D-4003-B192-59B80B7F9F2E}.Debug|x64.Build.0 = Debug|Any CPU
		{1C48C0B1-7A0D-4003-B192-59B80B7F9F2E}.Debug|x86.ActiveCfg = Debug|Any CPU
		{1C48C0B1-7A0D-4003-B192-59B80B7F9F2E}.Debug|x86.Build.0 = Debug|Any CPU
		{1C48C0B1-7A0D-4003-B192-59B80B7F9F2E}.Release|Any CPU.ActiveCfg = Release|Any CPU
		{1C48C0B1-7A0D-4003-B192-59B80B7F9F2E}.Release|Any CPU.Build.0 = Release|Any CPU
		{1C48C0B1-7A0D-4003-B192-59B80B7F9F2E}.Release|x64.ActiveCfg = Release|Any CPU
		{1C48C0B1-7A0D-4003-B192-59B80B7F9F2E}.Release|x64.Build.0 = Release|Any CPU
		{1C48C0B1-7A0D-4003-B192-59B80B7F9F2E}.Release|x86.ActiveCfg = Release|Any CPU
		{1C48C0B1-7A0D-4003-B192-59B80B7F9F2E}.Release|x86.Build.0 = Release|Any CPU
		{9A70DAB5-C3DB-4B2A-A5C9-563B9510A37C}.Debug|Any CPU.ActiveCfg = Debug|Any CPU
		{9A70DAB5-C3DB-4B2A-A5C9-563B9510A37C}.Debug|Any CPU.Build.0 = Debug|Any CPU
		{9A70DAB5-C3DB-4B2A-A5C9-563B9510A37C}.Debug|x64.ActiveCfg = Debug|Any CPU
		{9A70DAB5-C3DB-4B2A-A5C9-563B9510A37C}.Debug|x64.Build.0 = Debug|Any CPU
		{9A70DAB5-C3DB-4B2A-A5C9-563B9510A37C}.Debug|x86.ActiveCfg = Debug|Any CPU
		{9A70DAB5-C3DB-4B2A-A5C9-563B9510A37C}.Debug|x86.Build.0 = Debug|Any CPU
		{9A70DAB5-C3DB-4B2A-A5C9-563B9510A37C}.Release|Any CPU.ActiveCfg = Release|Any CPU
		{9A70DAB5-C3DB-4B2A-A5C9-563B9510A37C}.Release|Any CPU.Build.0 = Release|Any CPU
		{9A70DAB5-C3DB-4B2A-A5C9-563B9510A37C}.Release|x64.ActiveCfg = Release|Any CPU
		{9A70DAB5-C3DB-4B2A-A5C9-563B9510A37C}.Release|x64.Build.0 = Release|Any CPU
		{9A70DAB5-C3DB-4B2A-A5C9-563B9510A37C}.Release|x86.ActiveCfg = Release|Any CPU
		{9A70DAB5-C3DB-4B2A-A5C9-563B9510A37C}.Release|x86.Build.0 = Release|Any CPU
		{D6B81003-8EBD-48A2-9B03-6A57FEA58F55}.Debug|Any CPU.ActiveCfg = Debug|Any CPU
		{D6B81003-8EBD-48A2-9B03-6A57FEA58F55}.Debug|Any CPU.Build.0 = Debug|Any CPU
		{D6B81003-8EBD-48A2-9B03-6A57FEA58F55}.Debug|x64.ActiveCfg = Debug|Any CPU
		{D6B81003-8EBD-48A2-9B03-6A57FEA58F55}.Debug|x64.Build.0 = Debug|Any CPU
		{D6B81003-8EBD-48A2-9B03-6A57FEA58F55}.Debug|x86.ActiveCfg = Debug|Any CPU
		{D6B81003-8EBD-48A2-9B03-6A57FEA58F55}.Debug|x86.Build.0 = Debug|Any CPU
		{D6B81003-8EBD-48A2-9B03-6A57FEA58F55}.Release|Any CPU.ActiveCfg = Release|Any CPU
		{D6B81003-8EBD-48A2-9B03-6A57FEA58F55}.Release|Any CPU.Build.0 = Release|Any CPU
		{D6B81003-8EBD-48A2-9B03-6A57FEA58F55}.Release|x64.ActiveCfg = Release|Any CPU
		{D6B81003-8EBD-48A2-9B03-6A57FEA58F55}.Release|x64.Build.0 = Release|Any CPU
		{D6B81003-8EBD-48A2-9B03-6A57FEA58F55}.Release|x86.ActiveCfg = Release|Any CPU
		{D6B81003-8EBD-48A2-9B03-6A57FEA58F55}.Release|x86.Build.0 = Release|Any CPU
		{5CFA3821-309F-485C-88FE-F681A66D82D7}.Debug|Any CPU.ActiveCfg = Debug|Any CPU
		{5CFA3821-309F-485C-88FE-F681A66D82D7}.Debug|Any CPU.Build.0 = Debug|Any CPU
		{5CFA3821-309F-485C-88FE-F681A66D82D7}.Debug|x64.ActiveCfg = Debug|Any CPU
		{5CFA3821-309F-485C-88FE-F681A66D82D7}.Debug|x64.Build.0 = Debug|Any CPU
		{5CFA3821-309F-485C-88FE-F681A66D82D7}.Debug|x86.ActiveCfg = Debug|Any CPU
		{5CFA3821-309F-485C-88FE-F681A66D82D7}.Debug|x86.Build.0 = Debug|Any CPU
		{5CFA3821-309F-485C-88FE-F681A66D82D7}.Release|Any CPU.ActiveCfg = Release|Any CPU
		{5CFA3821-309F-485C-88FE-F681A66D82D7}.Release|Any CPU.Build.0 = Release|Any CPU
		{5CFA3821-309F-485C-88FE-F681A66D82D7}.Release|x64.ActiveCfg = Release|Any CPU
		{5CFA3821-309F-485C-88FE-F681A66D82D7}.Release|x64.Build.0 = Release|Any CPU
		{5CFA3821-309F-485C-88FE-F681A66D82D7}.Release|x86.ActiveCfg = Release|Any CPU
		{5CFA3821-309F-485C-88FE-F681A66D82D7}.Release|x86.Build.0 = Release|Any CPU
		{45BF68FF-B7C6-4B2B-A41B-33CDD7632A09}.Debug|Any CPU.ActiveCfg = Debug|Any CPU
		{45BF68FF-B7C6-4B2B-A41B-33CDD7632A09}.Debug|Any CPU.Build.0 = Debug|Any CPU
		{45BF68FF-B7C6-4B2B-A41B-33CDD7632A09}.Debug|x64.ActiveCfg = Debug|x64
		{45BF68FF-B7C6-4B2B-A41B-33CDD7632A09}.Debug|x64.Build.0 = Debug|x64
		{45BF68FF-B7C6-4B2B-A41B-33CDD7632A09}.Debug|x86.ActiveCfg = Debug|Any CPU
		{45BF68FF-B7C6-4B2B-A41B-33CDD7632A09}.Debug|x86.Build.0 = Debug|Any CPU
		{45BF68FF-B7C6-4B2B-A41B-33CDD7632A09}.Release|Any CPU.ActiveCfg = Release|Any CPU
		{45BF68FF-B7C6-4B2B-A41B-33CDD7632A09}.Release|Any CPU.Build.0 = Release|Any CPU
		{45BF68FF-B7C6-4B2B-A41B-33CDD7632A09}.Release|x64.ActiveCfg = Release|Any CPU
		{45BF68FF-B7C6-4B2B-A41B-33CDD7632A09}.Release|x64.Build.0 = Release|Any CPU
		{45BF68FF-B7C6-4B2B-A41B-33CDD7632A09}.Release|x86.ActiveCfg = Release|Any CPU
		{45BF68FF-B7C6-4B2B-A41B-33CDD7632A09}.Release|x86.Build.0 = Release|Any CPU
		{68D76D88-88B9-4DD6-AFE3-98D33D2BFCBD}.Debug|Any CPU.ActiveCfg = Debug|Any CPU
		{68D76D88-88B9-4DD6-AFE3-98D33D2BFCBD}.Debug|Any CPU.Build.0 = Debug|Any CPU
		{68D76D88-88B9-4DD6-AFE3-98D33D2BFCBD}.Debug|x64.ActiveCfg = Debug|Any CPU
		{68D76D88-88B9-4DD6-AFE3-98D33D2BFCBD}.Debug|x64.Build.0 = Debug|Any CPU
		{68D76D88-88B9-4DD6-AFE3-98D33D2BFCBD}.Debug|x86.ActiveCfg = Debug|Any CPU
		{68D76D88-88B9-4DD6-AFE3-98D33D2BFCBD}.Debug|x86.Build.0 = Debug|Any CPU
		{68D76D88-88B9-4DD6-AFE3-98D33D2BFCBD}.Release|Any CPU.ActiveCfg = Release|Any CPU
		{68D76D88-88B9-4DD6-AFE3-98D33D2BFCBD}.Release|Any CPU.Build.0 = Release|Any CPU
		{68D76D88-88B9-4DD6-AFE3-98D33D2BFCBD}.Release|x64.ActiveCfg = Release|Any CPU
		{68D76D88-88B9-4DD6-AFE3-98D33D2BFCBD}.Release|x64.Build.0 = Release|Any CPU
		{68D76D88-88B9-4DD6-AFE3-98D33D2BFCBD}.Release|x86.ActiveCfg = Release|Any CPU
		{68D76D88-88B9-4DD6-AFE3-98D33D2BFCBD}.Release|x86.Build.0 = Release|Any CPU
		{56DCE68A-D5D6-4BBA-A4CA-23F1B69E3FDB}.Debug|Any CPU.ActiveCfg = Debug|Any CPU
		{56DCE68A-D5D6-4BBA-A4CA-23F1B69E3FDB}.Debug|Any CPU.Build.0 = Debug|Any CPU
		{56DCE68A-D5D6-4BBA-A4CA-23F1B69E3FDB}.Debug|x64.ActiveCfg = Debug|Any CPU
		{56DCE68A-D5D6-4BBA-A4CA-23F1B69E3FDB}.Debug|x64.Build.0 = Debug|Any CPU
		{56DCE68A-D5D6-4BBA-A4CA-23F1B69E3FDB}.Debug|x86.ActiveCfg = Debug|Any CPU
		{56DCE68A-D5D6-4BBA-A4CA-23F1B69E3FDB}.Debug|x86.Build.0 = Debug|Any CPU
		{56DCE68A-D5D6-4BBA-A4CA-23F1B69E3FDB}.Release|Any CPU.ActiveCfg = Release|Any CPU
		{56DCE68A-D5D6-4BBA-A4CA-23F1B69E3FDB}.Release|Any CPU.Build.0 = Release|Any CPU
		{56DCE68A-D5D6-4BBA-A4CA-23F1B69E3FDB}.Release|x64.ActiveCfg = Release|Any CPU
		{56DCE68A-D5D6-4BBA-A4CA-23F1B69E3FDB}.Release|x64.Build.0 = Release|Any CPU
		{56DCE68A-D5D6-4BBA-A4CA-23F1B69E3FDB}.Release|x86.ActiveCfg = Release|Any CPU
		{56DCE68A-D5D6-4BBA-A4CA-23F1B69E3FDB}.Release|x86.Build.0 = Release|Any CPU
		{C85325EA-7C3E-4775-8A84-5FAE559817EC}.Debug|Any CPU.ActiveCfg = Debug|Any CPU
		{C85325EA-7C3E-4775-8A84-5FAE559817EC}.Debug|Any CPU.Build.0 = Debug|Any CPU
		{C85325EA-7C3E-4775-8A84-5FAE559817EC}.Debug|x64.ActiveCfg = Debug|Any CPU
		{C85325EA-7C3E-4775-8A84-5FAE559817EC}.Debug|x64.Build.0 = Debug|Any CPU
		{C85325EA-7C3E-4775-8A84-5FAE559817EC}.Debug|x86.ActiveCfg = Debug|Any CPU
		{C85325EA-7C3E-4775-8A84-5FAE559817EC}.Debug|x86.Build.0 = Debug|Any CPU
		{C85325EA-7C3E-4775-8A84-5FAE559817EC}.Release|Any CPU.ActiveCfg = Release|Any CPU
		{C85325EA-7C3E-4775-8A84-5FAE559817EC}.Release|Any CPU.Build.0 = Release|Any CPU
		{C85325EA-7C3E-4775-8A84-5FAE559817EC}.Release|x64.ActiveCfg = Release|Any CPU
		{C85325EA-7C3E-4775-8A84-5FAE559817EC}.Release|x64.Build.0 = Release|Any CPU
		{C85325EA-7C3E-4775-8A84-5FAE559817EC}.Release|x86.ActiveCfg = Release|Any CPU
		{C85325EA-7C3E-4775-8A84-5FAE559817EC}.Release|x86.Build.0 = Release|Any CPU
		{774B8C6E-9EFF-4F90-9DFA-303463B4A30E}.Debug|Any CPU.ActiveCfg = Debug|Any CPU
		{774B8C6E-9EFF-4F90-9DFA-303463B4A30E}.Debug|Any CPU.Build.0 = Debug|Any CPU
		{774B8C6E-9EFF-4F90-9DFA-303463B4A30E}.Debug|x64.ActiveCfg = Debug|Any CPU
		{774B8C6E-9EFF-4F90-9DFA-303463B4A30E}.Debug|x64.Build.0 = Debug|Any CPU
		{774B8C6E-9EFF-4F90-9DFA-303463B4A30E}.Debug|x86.ActiveCfg = Debug|Any CPU
		{774B8C6E-9EFF-4F90-9DFA-303463B4A30E}.Debug|x86.Build.0 = Debug|Any CPU
		{774B8C6E-9EFF-4F90-9DFA-303463B4A30E}.Release|Any CPU.ActiveCfg = Release|Any CPU
		{774B8C6E-9EFF-4F90-9DFA-303463B4A30E}.Release|Any CPU.Build.0 = Release|Any CPU
		{774B8C6E-9EFF-4F90-9DFA-303463B4A30E}.Release|x64.ActiveCfg = Release|Any CPU
		{774B8C6E-9EFF-4F90-9DFA-303463B4A30E}.Release|x64.Build.0 = Release|Any CPU
		{774B8C6E-9EFF-4F90-9DFA-303463B4A30E}.Release|x86.ActiveCfg = Release|Any CPU
		{774B8C6E-9EFF-4F90-9DFA-303463B4A30E}.Release|x86.Build.0 = Release|Any CPU
		{0EB23156-5094-4B8B-8424-48D9EC097733}.Debug|Any CPU.ActiveCfg = Debug|Any CPU
		{0EB23156-5094-4B8B-8424-48D9EC097733}.Debug|Any CPU.Build.0 = Debug|Any CPU
		{0EB23156-5094-4B8B-8424-48D9EC097733}.Debug|x64.ActiveCfg = Debug|Any CPU
		{0EB23156-5094-4B8B-8424-48D9EC097733}.Debug|x64.Build.0 = Debug|Any CPU
		{0EB23156-5094-4B8B-8424-48D9EC097733}.Debug|x86.ActiveCfg = Debug|Any CPU
		{0EB23156-5094-4B8B-8424-48D9EC097733}.Debug|x86.Build.0 = Debug|Any CPU
		{0EB23156-5094-4B8B-8424-48D9EC097733}.Release|Any CPU.ActiveCfg = Release|Any CPU
		{0EB23156-5094-4B8B-8424-48D9EC097733}.Release|Any CPU.Build.0 = Release|Any CPU
		{0EB23156-5094-4B8B-8424-48D9EC097733}.Release|x64.ActiveCfg = Release|Any CPU
		{0EB23156-5094-4B8B-8424-48D9EC097733}.Release|x64.Build.0 = Release|Any CPU
		{0EB23156-5094-4B8B-8424-48D9EC097733}.Release|x86.ActiveCfg = Release|Any CPU
		{0EB23156-5094-4B8B-8424-48D9EC097733}.Release|x86.Build.0 = Release|Any CPU
		{46CCBBCB-5689-4BA9-B771-BD767F2DC709}.Debug|Any CPU.ActiveCfg = Debug|Any CPU
		{46CCBBCB-5689-4BA9-B771-BD767F2DC709}.Debug|Any CPU.Build.0 = Debug|Any CPU
		{46CCBBCB-5689-4BA9-B771-BD767F2DC709}.Debug|x64.ActiveCfg = Debug|Any CPU
		{46CCBBCB-5689-4BA9-B771-BD767F2DC709}.Debug|x64.Build.0 = Debug|Any CPU
		{46CCBBCB-5689-4BA9-B771-BD767F2DC709}.Debug|x86.ActiveCfg = Debug|Any CPU
		{46CCBBCB-5689-4BA9-B771-BD767F2DC709}.Debug|x86.Build.0 = Debug|Any CPU
		{46CCBBCB-5689-4BA9-B771-BD767F2DC709}.Release|Any CPU.ActiveCfg = Release|Any CPU
		{46CCBBCB-5689-4BA9-B771-BD767F2DC709}.Release|Any CPU.Build.0 = Release|Any CPU
		{46CCBBCB-5689-4BA9-B771-BD767F2DC709}.Release|x64.ActiveCfg = Release|Any CPU
		{46CCBBCB-5689-4BA9-B771-BD767F2DC709}.Release|x64.Build.0 = Release|Any CPU
		{46CCBBCB-5689-4BA9-B771-BD767F2DC709}.Release|x86.ActiveCfg = Release|Any CPU
		{46CCBBCB-5689-4BA9-B771-BD767F2DC709}.Release|x86.Build.0 = Release|Any CPU
		{942943E6-1FC7-45A9-9AFD-ACA9B037F07F}.Debug|Any CPU.ActiveCfg = Debug|Any CPU
		{942943E6-1FC7-45A9-9AFD-ACA9B037F07F}.Debug|Any CPU.Build.0 = Debug|Any CPU
		{942943E6-1FC7-45A9-9AFD-ACA9B037F07F}.Debug|x64.ActiveCfg = Debug|Any CPU
		{942943E6-1FC7-45A9-9AFD-ACA9B037F07F}.Debug|x64.Build.0 = Debug|Any CPU
		{942943E6-1FC7-45A9-9AFD-ACA9B037F07F}.Debug|x86.ActiveCfg = Debug|Any CPU
		{942943E6-1FC7-45A9-9AFD-ACA9B037F07F}.Debug|x86.Build.0 = Debug|Any CPU
		{942943E6-1FC7-45A9-9AFD-ACA9B037F07F}.Release|Any CPU.ActiveCfg = Release|Any CPU
		{942943E6-1FC7-45A9-9AFD-ACA9B037F07F}.Release|Any CPU.Build.0 = Release|Any CPU
		{942943E6-1FC7-45A9-9AFD-ACA9B037F07F}.Release|x64.ActiveCfg = Release|Any CPU
		{942943E6-1FC7-45A9-9AFD-ACA9B037F07F}.Release|x64.Build.0 = Release|Any CPU
		{942943E6-1FC7-45A9-9AFD-ACA9B037F07F}.Release|x86.ActiveCfg = Release|Any CPU
		{942943E6-1FC7-45A9-9AFD-ACA9B037F07F}.Release|x86.Build.0 = Release|Any CPU
		{BFAD6AA3-1AB6-428D-A3DF-D714C08D8D0D}.Debug|Any CPU.ActiveCfg = Debug|Any CPU
		{BFAD6AA3-1AB6-428D-A3DF-D714C08D8D0D}.Debug|Any CPU.Build.0 = Debug|Any CPU
		{BFAD6AA3-1AB6-428D-A3DF-D714C08D8D0D}.Debug|x64.ActiveCfg = Debug|x64
		{BFAD6AA3-1AB6-428D-A3DF-D714C08D8D0D}.Debug|x64.Build.0 = Debug|x64
		{BFAD6AA3-1AB6-428D-A3DF-D714C08D8D0D}.Debug|x86.ActiveCfg = Debug|Any CPU
		{BFAD6AA3-1AB6-428D-A3DF-D714C08D8D0D}.Debug|x86.Build.0 = Debug|Any CPU
		{BFAD6AA3-1AB6-428D-A3DF-D714C08D8D0D}.Release|Any CPU.ActiveCfg = Release|Any CPU
		{BFAD6AA3-1AB6-428D-A3DF-D714C08D8D0D}.Release|Any CPU.Build.0 = Release|Any CPU
		{BFAD6AA3-1AB6-428D-A3DF-D714C08D8D0D}.Release|x64.ActiveCfg = Release|Any CPU
		{BFAD6AA3-1AB6-428D-A3DF-D714C08D8D0D}.Release|x64.Build.0 = Release|Any CPU
		{BFAD6AA3-1AB6-428D-A3DF-D714C08D8D0D}.Release|x86.ActiveCfg = Release|Any CPU
		{BFAD6AA3-1AB6-428D-A3DF-D714C08D8D0D}.Release|x86.Build.0 = Release|Any CPU
		{99015E54-5A0A-4CF5-B797-E6BCA0DD7587}.Debug|Any CPU.ActiveCfg = Debug|Any CPU
		{99015E54-5A0A-4CF5-B797-E6BCA0DD7587}.Debug|Any CPU.Build.0 = Debug|Any CPU
		{99015E54-5A0A-4CF5-B797-E6BCA0DD7587}.Debug|Any CPU.Deploy.0 = Debug|Any CPU
		{99015E54-5A0A-4CF5-B797-E6BCA0DD7587}.Debug|x64.ActiveCfg = Debug|Any CPU
		{99015E54-5A0A-4CF5-B797-E6BCA0DD7587}.Debug|x64.Build.0 = Debug|Any CPU
		{99015E54-5A0A-4CF5-B797-E6BCA0DD7587}.Debug|x64.Deploy.0 = Debug|Any CPU
		{99015E54-5A0A-4CF5-B797-E6BCA0DD7587}.Debug|x86.ActiveCfg = Debug|Any CPU
		{99015E54-5A0A-4CF5-B797-E6BCA0DD7587}.Debug|x86.Build.0 = Debug|Any CPU
		{99015E54-5A0A-4CF5-B797-E6BCA0DD7587}.Debug|x86.Deploy.0 = Debug|Any CPU
		{99015E54-5A0A-4CF5-B797-E6BCA0DD7587}.Release|Any CPU.ActiveCfg = Release|Any CPU
		{99015E54-5A0A-4CF5-B797-E6BCA0DD7587}.Release|Any CPU.Build.0 = Release|Any CPU
		{99015E54-5A0A-4CF5-B797-E6BCA0DD7587}.Release|Any CPU.Deploy.0 = Release|Any CPU
		{99015E54-5A0A-4CF5-B797-E6BCA0DD7587}.Release|x64.ActiveCfg = Release|Any CPU
		{99015E54-5A0A-4CF5-B797-E6BCA0DD7587}.Release|x64.Build.0 = Release|Any CPU
		{99015E54-5A0A-4CF5-B797-E6BCA0DD7587}.Release|x64.Deploy.0 = Release|Any CPU
		{99015E54-5A0A-4CF5-B797-E6BCA0DD7587}.Release|x86.ActiveCfg = Release|Any CPU
		{99015E54-5A0A-4CF5-B797-E6BCA0DD7587}.Release|x86.Build.0 = Release|Any CPU
		{99015E54-5A0A-4CF5-B797-E6BCA0DD7587}.Release|x86.Deploy.0 = Release|Any CPU
		{5F9F744C-3A34-4EBF-B5A2-5B72F254FFC7}.Debug|Any CPU.ActiveCfg = Debug|Any CPU
		{5F9F744C-3A34-4EBF-B5A2-5B72F254FFC7}.Debug|Any CPU.Build.0 = Debug|Any CPU
		{5F9F744C-3A34-4EBF-B5A2-5B72F254FFC7}.Debug|x64.ActiveCfg = Debug|Any CPU
		{5F9F744C-3A34-4EBF-B5A2-5B72F254FFC7}.Debug|x64.Build.0 = Debug|Any CPU
		{5F9F744C-3A34-4EBF-B5A2-5B72F254FFC7}.Debug|x86.ActiveCfg = Debug|Any CPU
		{5F9F744C-3A34-4EBF-B5A2-5B72F254FFC7}.Debug|x86.Build.0 = Debug|Any CPU
		{5F9F744C-3A34-4EBF-B5A2-5B72F254FFC7}.Release|Any CPU.ActiveCfg = Release|Any CPU
		{5F9F744C-3A34-4EBF-B5A2-5B72F254FFC7}.Release|Any CPU.Build.0 = Release|Any CPU
		{5F9F744C-3A34-4EBF-B5A2-5B72F254FFC7}.Release|x64.ActiveCfg = Release|Any CPU
		{5F9F744C-3A34-4EBF-B5A2-5B72F254FFC7}.Release|x64.Build.0 = Release|Any CPU
		{5F9F744C-3A34-4EBF-B5A2-5B72F254FFC7}.Release|x86.ActiveCfg = Release|Any CPU
		{5F9F744C-3A34-4EBF-B5A2-5B72F254FFC7}.Release|x86.Build.0 = Release|Any CPU
		{F0EEFF83-8BE4-4DF7-F266-647C3D5B2951}.Debug|Any CPU.ActiveCfg = Debug|Any CPU
		{F0EEFF83-8BE4-4DF7-F266-647C3D5B2951}.Debug|Any CPU.Build.0 = Debug|Any CPU
		{F0EEFF83-8BE4-4DF7-F266-647C3D5B2951}.Debug|x64.ActiveCfg = Debug|Any CPU
		{F0EEFF83-8BE4-4DF7-F266-647C3D5B2951}.Debug|x64.Build.0 = Debug|Any CPU
		{F0EEFF83-8BE4-4DF7-F266-647C3D5B2951}.Debug|x86.ActiveCfg = Debug|Any CPU
		{F0EEFF83-8BE4-4DF7-F266-647C3D5B2951}.Debug|x86.Build.0 = Debug|Any CPU
		{F0EEFF83-8BE4-4DF7-F266-647C3D5B2951}.Release|Any CPU.ActiveCfg = Release|Any CPU
		{F0EEFF83-8BE4-4DF7-F266-647C3D5B2951}.Release|Any CPU.Build.0 = Release|Any CPU
		{F0EEFF83-8BE4-4DF7-F266-647C3D5B2951}.Release|x64.ActiveCfg = Release|Any CPU
		{F0EEFF83-8BE4-4DF7-F266-647C3D5B2951}.Release|x64.Build.0 = Release|Any CPU
		{F0EEFF83-8BE4-4DF7-F266-647C3D5B2951}.Release|x86.ActiveCfg = Release|Any CPU
		{F0EEFF83-8BE4-4DF7-F266-647C3D5B2951}.Release|x86.Build.0 = Release|Any CPU
	EndGlobalSection
	GlobalSection(SolutionProperties) = preSolution
		HideSolutionNode = FALSE
	EndGlobalSection
	GlobalSection(ExtensibilityGlobals) = postSolution
		SolutionGuid = {BB6F7F09-F158-491A-A647-B55D98F378E0}
	EndGlobalSection
EndGlobal
